<?xml version="1.0" encoding="utf-8"?>
<Project ToolsVersion="4.0" xmlns="http://schemas.microsoft.com/developer/msbuild/2003">
  <ItemGroup>
    <Filter Include="ソース ファイル">
      <UniqueIdentifier>{4FC737F1-C7A5-4376-A066-2A32D752A2FF}</UniqueIdentifier>
      <Extensions>cpp;c;cc;cxx;c++;cppm;ixx;def;odl;idl;hpj;bat;asm;asmx</Extensions>
    </Filter>
    <Filter Include="ヘッダー ファイル">
      <UniqueIdentifier>{93995380-89BD-4b04-88EB-625FBE52EBFB}</UniqueIdentifier>
      <Extensions>h;hh;hpp;hxx;h++;hm;inl;inc;ipp;xsd</Extensions>
    </Filter>
    <Filter Include="リソース ファイル">
      <UniqueIdentifier>{67DA6AB6-F800-4c08-8B7A-83BB121AAD01}</UniqueIdentifier>
      <Extensions>rc;ico;cur;bmp;dlg;rc2;rct;bin;rgs;gif;jpg;jpeg;jpe;resx;tiff;tif;png;wav;mfcribbon-ms</Extensions>
    </Filter>
    <Filter Include="ソース ファイル\System">
      <UniqueIdentifier>{cefddf4c-25f8-4c1d-8607-61de56336227}</UniqueIdentifier>
    </Filter>
    <Filter Include="ソース ファイル\Application">
      <UniqueIdentifier>{d673194b-5c9e-4080-b67b-7f46a1565ba8}</UniqueIdentifier>
    </Filter>
    <Filter Include="ヘッダー ファイル\System">
      <UniqueIdentifier>{5858150b-de72-4b6e-8ecf-8f81d5d8b4f6}</UniqueIdentifier>
    </Filter>
    <Filter Include="ヘッダー ファイル\Application">
      <UniqueIdentifier>{5c1a610b-1606-4f4a-817c-d5b1c7d94851}</UniqueIdentifier>
    </Filter>
    <Filter Include="ソース ファイル\Work">
      <UniqueIdentifier>{d40b6216-14f8-474d-bd1d-053eaf07e0c5}</UniqueIdentifier>
    </Filter>
    <Filter Include="ヘッダー ファイル\System\DirectX">
      <UniqueIdentifier>{f3668724-0776-4a81-bfe4-460b3b211f3f}</UniqueIdentifier>
    </Filter>
    <Filter Include="ソース ファイル\System\DirectX">
      <UniqueIdentifier>{36a071c1-5faa-4aab-876a-ec9bef09e703}</UniqueIdentifier>
    </Filter>
    <Filter Include="ヘッダー ファイル\Game">
      <UniqueIdentifier>{1f6137c7-7548-420a-b26a-34ecb9d2bc2f}</UniqueIdentifier>
    </Filter>
    <Filter Include="ヘッダー ファイル\Game\Components">
      <UniqueIdentifier>{9b7b323e-417c-448a-a651-62c1e1d084c0}</UniqueIdentifier>
    </Filter>
    <Filter Include="ヘッダー ファイル\Game\Systems">
      <UniqueIdentifier>{620c1795-0e7c-4bb5-b731-ea9e39640fa6}</UniqueIdentifier>
    </Filter>
    <Filter Include="ソース ファイル\Game">
      <UniqueIdentifier>{124dce4d-ba3e-4685-8a14-d9925d141552}</UniqueIdentifier>
    </Filter>
    <Filter Include="ソース ファイル\Game\Systems">
      <UniqueIdentifier>{4fd974d5-cb6d-42c7-a9f3-a5e7738d7770}</UniqueIdentifier>
    </Filter>
    <Filter Include="ソース ファイル\Game\Components">
      <UniqueIdentifier>{9d41d332-2398-46e0-bc1c-4acfb0e9d1ab}</UniqueIdentifier>
    </Filter>
    <Filter Include="ヘッダー ファイル\Game\Systems\Update">
      <UniqueIdentifier>{d172b014-f753-4d10-ad49-3b0a4035d94a}</UniqueIdentifier>
    </Filter>
    <Filter Include="ソース ファイル\Game\Systems\Render">
      <UniqueIdentifier>{4abeaa16-058b-44cd-aae1-a6e781bc83c9}</UniqueIdentifier>
    </Filter>
    <Filter Include="ソース ファイル\Game\Systems\Update">
      <UniqueIdentifier>{d94c73d6-4f35-41c7-8ec3-88362eafcb56}</UniqueIdentifier>
    </Filter>
    <Filter Include="ヘッダー ファイル\Game\Systems\Render">
      <UniqueIdentifier>{861035ea-6114-4605-95da-7850ca7c4e03}</UniqueIdentifier>
    </Filter>
    <Filter Include="ヘッダー ファイル\Game\Components\Gameplay">
      <UniqueIdentifier>{0f83490f-5424-4ac1-88d5-48d5fbd0c326}</UniqueIdentifier>
    </Filter>
    <Filter Include="ヘッダー ファイル\Game\Components\Physics">
      <UniqueIdentifier>{ea89f1b7-6866-4862-b9e2-b3eae73e8078}</UniqueIdentifier>
    </Filter>
    <Filter Include="ヘッダー ファイル\Game\Systems\Physics">
      <UniqueIdentifier>{f2c69a92-0098-4b9e-8688-9e5a088ce11a}</UniqueIdentifier>
    </Filter>
    <Filter Include="ソース ファイル\Game\Prefabs">
      <UniqueIdentifier>{ff7d869a-cf82-4b3a-a044-4febf640cd1c}</UniqueIdentifier>
    </Filter>
    <Filter Include="ヘッダー ファイル\Game\Prefabs">
      <UniqueIdentifier>{2a6686bc-b165-4e1a-a596-5421a86ce2b8}</UniqueIdentifier>
    </Filter>
  </ItemGroup>
  <ItemGroup>
    <ClCompile Include="Application\Main.cpp">
      <Filter>ソース ファイル\Application</Filter>
    </ClCompile>
    <ClCompile Include="Application\SceneGame.cpp">
      <Filter>ソース ファイル\Application</Filter>
    </ClCompile>
    <ClCompile Include="System\DirectX\DirectX.cpp">
      <Filter>ソース ファイル\System\DirectX</Filter>
    </ClCompile>
    <ClCompile Include="System\DirectX\MeshBuffer.cpp">
      <Filter>ソース ファイル\System\DirectX</Filter>
    </ClCompile>
    <ClCompile Include="System\DirectX\Shader.cpp">
      <Filter>ソース ファイル\System\DirectX</Filter>
    </ClCompile>
    <ClCompile Include="System\DirectX\ShaderList.cpp">
      <Filter>ソース ファイル\System\DirectX</Filter>
    </ClCompile>
    <ClCompile Include="System\DirectX\Texture.cpp">
      <Filter>ソース ファイル\System\DirectX</Filter>
    </ClCompile>
    <ClCompile Include="System\Geometory.cpp">
      <Filter>ソース ファイル\System</Filter>
    </ClCompile>
    <ClCompile Include="System\Input.cpp">
      <Filter>ソース ファイル\System</Filter>
    </ClCompile>
    <ClCompile Include="System\Model.cpp">
      <Filter>ソース ファイル\System</Filter>
    </ClCompile>
    <ClCompile Include="System\Scene.cpp">
      <Filter>ソース ファイル\System</Filter>
    </ClCompile>
    <ClCompile Include="System\Sprite.cpp">
      <Filter>ソース ファイル\System</Filter>
    </ClCompile>
    <ClCompile Include="Work\_geometory.cpp">
      <Filter>ソース ファイル\Work</Filter>
    </ClCompile>
    <ClCompile Include="Work\_model.cpp">
      <Filter>ソース ファイル\Work</Filter>
    </ClCompile>
    <ClCompile Include="Game\Systems\SystemRegistry.cpp">
      <Filter>ソース ファイル\Game\Systems</Filter>
    </ClCompile>
    <ClCompile Include="Game\Systems\Update\OrbitCameraSystem.cpp">
      <Filter>ソース ファイル\Game\Systems\Update</Filter>
    </ClCompile>
    <ClCompile Include="Game\Systems\Update\SpinSystem.cpp">
      <Filter>ソース ファイル\Game\Systems\Update</Filter>
    </ClCompile>
    <ClCompile Include="Game\Systems\Render\DebugGridRenderSystem.cpp">
      <Filter>ソース ファイル\Game\Systems\Render</Filter>
    </ClCompile>
    <ClCompile Include="Game\Systems\Render\ModelRenderSystem.cpp">
      <Filter>ソース ファイル\Game\Systems\Render</Filter>
    </ClCompile>
    <ClCompile Include="Game\Systems\Update\MovementControlSystem.cpp">
      <Filter>ソース ファイル\Game\Systems\Update</Filter>
    </ClCompile>
    <ClCompile Include="Game\Systems\Update\CollisionSystem.cpp">
      <Filter>ソース ファイル\Game\Systems\Update</Filter>
    </ClCompile>
    <ClCompile Include="Game\Systems\Update\PhysicsSystem.cpp">
      <Filter>ソース ファイル\Game\Systems\Update</Filter>
    </ClCompile>
    <ClCompile Include="Game\Prefabs\PrefabRegistry.cpp">
      <Filter>ソース ファイル\Game\Prefabs</Filter>
    </ClCompile>
    <ClCompile Include="Game\Systems\Update\PlayerInputSystem.cpp">
      <Filter>ソース ファイル\Game\Systems\Update</Filter>
    </ClCompile>
    <ClCompile Include="Game\Systems\Render\AabbDebugRenderSystem.cpp">
      <Filter>ソース ファイル\Game\Systems\Render</Filter>
    </ClCompile>
    <ClCompile Include="Game\Systems\Render\ObbDebugRenderSystem.cpp">
      <Filter>ソース ファイル\Game\Systems\Render</Filter>
    </ClCompile>
  </ItemGroup>
  <ItemGroup>
    <ClInclude Include="Application\SceneGame.h">
      <Filter>ヘッダー ファイル\Application</Filter>
    </ClInclude>
    <ClInclude Include="Application\Main.h">
      <Filter>ヘッダー ファイル\Application</Filter>
    </ClInclude>
    <ClInclude Include="System\DirectX\DirectX.h">
      <Filter>ヘッダー ファイル\System\DirectX</Filter>
    </ClInclude>
    <ClInclude Include="System\DirectX\MeshBuffer.h">
      <Filter>ヘッダー ファイル\System\DirectX</Filter>
    </ClInclude>
    <ClInclude Include="System\DirectX\Shader.h">
      <Filter>ヘッダー ファイル\System\DirectX</Filter>
    </ClInclude>
    <ClInclude Include="System\DirectX\ShaderList.h">
      <Filter>ヘッダー ファイル\System\DirectX</Filter>
    </ClInclude>
    <ClInclude Include="System\DirectX\Texture.h">
      <Filter>ヘッダー ファイル\System\DirectX</Filter>
    </ClInclude>
    <ClInclude Include="System\Defines.h">
      <Filter>ヘッダー ファイル\System</Filter>
    </ClInclude>
    <ClInclude Include="System\Geometory.h">
      <Filter>ヘッダー ファイル\System</Filter>
    </ClInclude>
    <ClInclude Include="System\Input.h">
      <Filter>ヘッダー ファイル\System</Filter>
    </ClInclude>
    <ClInclude Include="System\Model.h">
      <Filter>ヘッダー ファイル\System</Filter>
    </ClInclude>
    <ClInclude Include="System\Scene.h">
      <Filter>ヘッダー ファイル\System</Filter>
    </ClInclude>
    <ClInclude Include="System\Sprite.h">
      <Filter>ヘッダー ファイル\System</Filter>
    </ClInclude>
    <ClInclude Include="Game\ECS.h">
      <Filter>ヘッダー ファイル\Game</Filter>
    </ClInclude>
    <ClInclude Include="Game\Components.h">
      <Filter>ヘッダー ファイル\Game</Filter>
    </ClInclude>
    <ClInclude Include="Game\Components\Tags.h">
      <Filter>ヘッダー ファイル\Game\Components</Filter>
    </ClInclude>
    <ClInclude Include="Game\Components\ModelRendererComponent.h">
      <Filter>ヘッダー ファイル\Game\Components</Filter>
    </ClInclude>
    <ClInclude Include="Game\Components\TransformComponent.h">
      <Filter>ヘッダー ファイル\Game\Components</Filter>
    </ClInclude>
    <ClInclude Include="Game\World.h">
      <Filter>ヘッダー ファイル\Game</Filter>
    </ClInclude>
    <ClInclude Include="Game\Systems\IUpdateSystem.h">
      <Filter>ヘッダー ファイル\Game\Systems</Filter>
    </ClInclude>
    <ClInclude Include="Game\Systems\IRenderSystem.h">
      <Filter>ヘッダー ファイル\Game\Systems</Filter>
    </ClInclude>
    <ClInclude Include="Game\Systems\SystemRegistry.h">
      <Filter>ヘッダー ファイル\Game\Systems</Filter>
    </ClInclude>
    <ClInclude Include="Game\Systems\Update\OrbitCameraSystem.h">
      <Filter>ヘッダー ファイル\Game\Systems\Update</Filter>
    </ClInclude>
    <ClInclude Include="Game\Systems\Update\SpinSystem.h">
      <Filter>ヘッダー ファイル\Game\Systems\Update</Filter>
    </ClInclude>
    <ClInclude Include="Game\Systems\Render\ModelRenderSystem.h">
      <Filter>ヘッダー ファイル\Game\Systems\Render</Filter>
    </ClInclude>
    <ClInclude Include="Game\Systems\Render\DebugGridRenderSystem.h">
      <Filter>ヘッダー ファイル\Game\Systems\Render</Filter>
    </ClInclude>
    <ClInclude Include="Application\SceneManager.h">
      <Filter>ヘッダー ファイル\Application</Filter>
    </ClInclude>
    <ClInclude Include="Game\Components\Gameplay\CharacterControllerComponent.h">
      <Filter>ヘッダー ファイル\Game\Components\Gameplay</Filter>
    </ClInclude>
    <ClInclude Include="Game\Components\Physics\RigidbodyComponent.h">
      <Filter>ヘッダー ファイル\Game\Components\Physics</Filter>
    </ClInclude>
    <ClInclude Include="Game\Components\Physics\AabbColliderComponent.h">
      <Filter>ヘッダー ファイル\Game\Components\Physics</Filter>
    </ClInclude>
    <ClInclude Include="Game\Components\Physics\GroundingComponent.h">
      <Filter>ヘッダー ファイル\Game\Components\Physics</Filter>
    </ClInclude>
    <ClInclude Include="Game\Components\Physics\MotionDeltaComponent.h">
      <Filter>ヘッダー ファイル\Game\Components\Physics</Filter>
    </ClInclude>
    <ClInclude Include="Game\Systems\Update\MovementControlSystem.h">
      <Filter>ヘッダー ファイル\Game\Systems\Update</Filter>
    </ClInclude>
    <ClInclude Include="Game\Systems\Update\PhysicsSystem.h">
      <Filter>ヘッダー ファイル\Game\Systems\Update</Filter>
    </ClInclude>
    <ClInclude Include="Game\Systems\Update\CollisionSystem.h">
      <Filter>ヘッダー ファイル\Game\Systems\Update</Filter>
    </ClInclude>
    <ClInclude Include="Game\Systems\Physics\AabbUtil.h">
      <Filter>ヘッダー ファイル\Game\Systems\Physics</Filter>
    </ClInclude>
    <ClInclude Include="Game\Prefabs\PrefabRegistry.h">
      <Filter>ヘッダー ファイル\Game\Prefabs</Filter>
    </ClInclude>
    <ClInclude Include="Game\Prefabs\PlayerPrefab.h">
      <Filter>ヘッダー ファイル\Game\Prefabs</Filter>
    </ClInclude>
    <ClInclude Include="Game\Prefabs\StaticBoxPrefab.h">
      <Filter>ヘッダー ファイル\Game\Prefabs</Filter>
    </ClInclude>
    <ClInclude Include="Game\Systems\Update\PlayerInputSystem.h">
      <Filter>ヘッダー ファイル\Game\Systems\Update</Filter>
    </ClInclude>
    <ClInclude Include="Game\Systems\Render\AabbDebugRenderSystem.h">
      <Filter>ヘッダー ファイル\Game\Systems\Render</Filter>
    </ClInclude>
    <ClInclude Include="Game\Components\NameComponent.h">
      <Filter>ヘッダー ファイル\Game\Components</Filter>
    </ClInclude>
    <ClInclude Include="Game\Components\CollisionLayer.h">
      <Filter>ヘッダー ファイル\Game\Components\Physics</Filter>
    </ClInclude>
    <ClInclude Include="Game\Components\Physics\ObbColliderComponent.h">
      <Filter>ヘッダー ファイル\Game\Components\Physics</Filter>
    </ClInclude>
    <ClInclude Include="Game\Systems\Physics\ObbUtil.h">
      <Filter>ヘッダー ファイル\Game\Systems\Physics</Filter>
    </ClInclude>
    <ClInclude Include="Game\Systems\Render\ObbDebugRenderSystem.h">
      <Filter>ヘッダー ファイル\Game\Systems\Render</Filter>
    </ClInclude>
  </ItemGroup>
</Project>