<?xml version="1.0" encoding="utf-8"?>
<Project ToolsVersion="4.0" xmlns="http://schemas.microsoft.com/developer/msbuild/2003">
  <ItemGroup>
    <Filter Include="ソース ファイル">
      <UniqueIdentifier>{4FC737F1-C7A5-4376-A066-2A32D752A2FF}</UniqueIdentifier>
      <Extensions>cpp;c;cc;cxx;c++;cppm;ixx;def;odl;idl;hpj;bat;asm;asmx</Extensions>
    </Filter>
    <Filter Include="ヘッダー ファイル">
      <UniqueIdentifier>{93995380-89BD-4b04-88EB-625FBE52EBFB}</UniqueIdentifier>
      <Extensions>h;hh;hpp;hxx;h++;hm;inl;inc;ipp;xsd</Extensions>
    </Filter>
    <Filter Include="リソース ファイル">
      <UniqueIdentifier>{67DA6AB6-F800-4c08-8B7A-83BB121AAD01}</UniqueIdentifier>
      <Extensions>rc;ico;cur;bmp;dlg;rc2;rct;bin;rgs;gif;jpg;jpeg;jpe;resx;tiff;tif;png;wav;mfcribbon-ms</Extensions>
    </Filter>
    <Filter Include="ソース ファイル\System">
      <UniqueIdentifier>{cefddf4c-25f8-4c1d-8607-61de56336227}</UniqueIdentifier>
    </Filter>
    <Filter Include="ソース ファイル\Application">
      <UniqueIdentifier>{d673194b-5c9e-4080-b67b-7f46a1565ba8}</UniqueIdentifier>
    </Filter>
    <Filter Include="ヘッダー ファイル\System">
      <UniqueIdentifier>{5858150b-de72-4b6e-8ecf-8f81d5d8b4f6}</UniqueIdentifier>
    </Filter>
    <Filter Include="ヘッダー ファイル\Application">
      <UniqueIdentifier>{5c1a610b-1606-4f4a-817c-d5b1c7d94851}</UniqueIdentifier>
    </Filter>
    <Filter Include="ソース ファイル\Work">
      <UniqueIdentifier>{d40b6216-14f8-474d-bd1d-053eaf07e0c5}</UniqueIdentifier>
    </Filter>
    <Filter Include="ヘッダー ファイル\System\DirectX">
      <UniqueIdentifier>{f3668724-0776-4a81-bfe4-460b3b211f3f}</UniqueIdentifier>
    </Filter>
    <Filter Include="ソース ファイル\System\DirectX">
      <UniqueIdentifier>{36a071c1-5faa-4aab-876a-ec9bef09e703}</UniqueIdentifier>
    </Filter>
  </ItemGroup>
  <ItemGroup>
    <ClCompile Include="Application\Main.cpp">
      <Filter>ソース ファイル\Application</Filter>
    </ClCompile>
    <ClCompile Include="Application\SceneGame.cpp">
      <Filter>ソース ファイル\Application</Filter>
    </ClCompile>
    <ClCompile Include="System\DirectX\DirectX.cpp">
      <Filter>ソース ファイル\System\DirectX</Filter>
    </ClCompile>
    <ClCompile Include="System\DirectX\MeshBuffer.cpp">
      <Filter>ソース ファイル\System\DirectX</Filter>
    </ClCompile>
    <ClCompile Include="System\DirectX\Shader.cpp">
      <Filter>ソース ファイル\System\DirectX</Filter>
    </ClCompile>
    <ClCompile Include="System\DirectX\ShaderList.cpp">
      <Filter>ソース ファイル\System\DirectX</Filter>
    </ClCompile>
    <ClCompile Include="System\DirectX\Texture.cpp">
      <Filter>ソース ファイル\System\DirectX</Filter>
    </ClCompile>
    <ClCompile Include="System\Geometory.cpp">
      <Filter>ソース ファイル\System</Filter>
    </ClCompile>
    <ClCompile Include="System\Input.cpp">
      <Filter>ソース ファイル\System</Filter>
    </ClCompile>
    <ClCompile Include="System\Model.cpp">
      <Filter>ソース ファイル\System</Filter>
    </ClCompile>
    <ClCompile Include="System\Scene.cpp">
      <Filter>ソース ファイル\System</Filter>
    </ClCompile>
    <ClCompile Include="System\Sprite.cpp">
      <Filter>ソース ファイル\System</Filter>
    </ClCompile>
    <ClCompile Include="Work\_geometory.cpp">
      <Filter>ソース ファイル\Work</Filter>
    </ClCompile>
    <ClCompile Include="Work\_model.cpp">
      <Filter>ソース ファイル\Work</Filter>
    </ClCompile>
  </ItemGroup>
  <ItemGroup>
    <ClInclude Include="Application\SceneGame.h">
      <Filter>ヘッダー ファイル\Application</Filter>
    </ClInclude>
    <ClInclude Include="Application\Main.h">
      <Filter>ヘッダー ファイル\Application</Filter>
    </ClInclude>
    <ClInclude Include="System\DirectX\DirectX.h">
      <Filter>ヘッダー ファイル\System\DirectX</Filter>
    </ClInclude>
    <ClInclude Include="System\DirectX\MeshBuffer.h">
      <Filter>ヘッダー ファイル\System\DirectX</Filter>
    </ClInclude>
    <ClInclude Include="System\DirectX\Shader.h">
      <Filter>ヘッダー ファイル\System\DirectX</Filter>
    </ClInclude>
    <ClInclude Include="System\DirectX\ShaderList.h">
      <Filter>ヘッダー ファイル\System\DirectX</Filter>
    </ClInclude>
    <ClInclude Include="System\DirectX\Texture.h">
      <Filter>ヘッダー ファイル\System\DirectX</Filter>
    </ClInclude>
    <ClInclude Include="System\Defines.h">
      <Filter>ヘッダー ファイル\System</Filter>
    </ClInclude>
    <ClInclude Include="System\Geometory.h">
      <Filter>ヘッダー ファイル\System</Filter>
    </ClInclude>
    <ClInclude Include="System\Input.h">
      <Filter>ヘッダー ファイル\System</Filter>
    </ClInclude>
    <ClInclude Include="System\Model.h">
      <Filter>ヘッダー ファイル\System</Filter>
    </ClInclude>
    <ClInclude Include="System\Scene.h">
      <Filter>ヘッダー ファイル\System</Filter>
    </ClInclude>
    <ClInclude Include="System\Sprite.h">
      <Filter>ヘッダー ファイル\System</Filter>
    </ClInclude>
  </ItemGroup>
</Project>